
Microsoft Visual Studio Solution File, Format Version 12.00
# Visual Studio 15
VisualStudioVersion = 15.0.28307.168
MinimumVisualStudioVersion = 10.0.40219.1
Project("{FAE04EC0-301F-11D3-BF4B-00C04F79EFBC}") = "Queue", "Queue\Queue.csproj", "{7EFD49E9-241D-4D00-90DC-C56A7FBE6E3C}"
EndProject
Global
	GlobalSection(SolutionConfigurationPlatforms) = preSolution
		Debug|Any CPU = Debug|Any CPU
		Release|Any CPU = Release|Any CPU
	EndGlobalSection
	GlobalSection(ProjectConfigurationPlatforms) = postSolution
		{7EFD49E9-241D-4D00-90DC-C56A7FBE6E3C}.Debug|Any CPU.ActiveCfg = Debug|Any CPU
		{7EFD49E9-241D-4D00-90DC-C56A7FBE6E3C}.Debug|Any CPU.Build.0 = Debug|Any CPU
		{7EFD49E9-241D-4D00-90DC-C56A7FBE6E3C}.Release|Any CPU.ActiveCfg = Release|Any CPU
		{7EFD49E9-241D-4D00-90DC-C56A7FBE6E3C}.Release|Any CPU.Build.0 = Release|Any CPU
	EndGlobalSection
	GlobalSection(SolutionProperties) = preSolution
		HideSolutionNode = FALSE
	EndGlobalSection
	GlobalSection(ExtensibilityGlobals) = postSolution
		SolutionGuid = {92146F61-CBFB-48C7-A313-EA260EE21B3D}
	EndGlobalSection
EndGlobal
